
Microsoft Visual Studio Solution File, Format Version 12.00
# Visual Studio Version 17
VisualStudioVersion = 17.8.34601.278
MinimumVisualStudioVersion = 10.0.40219.1
Project("{9A19103F-16F7-4668-BE54-9A1E7A4F7556}") = "NBackTask", "main\NBackTask.csproj", "{27D2753D-6C5B-4B05-AEAC-E63175FFD576}"
EndProject
Project("{9A19103F-16F7-4668-BE54-9A1E7A4F7556}") = "ColorPickerWPF", "ColorPickerWPF\ColorPickerWPF.csproj", "{FC6FCC7F-34BE-47DD-92EB-F254B322D5C9}"
EndProject
Global
	GlobalSection(SolutionConfigurationPlatforms) = preSolution
		Debug|Any CPU = Debug|Any CPU
		Release|Any CPU = Release|Any CPU
	EndGlobalSection
	GlobalSection(ProjectConfigurationPlatforms) = postSolution
		{27D2753D-6C5B-4B05-AEAC-E63175FFD576}.Debug|Any CPU.ActiveCfg = Debug|Any CPU
		{27D2753D-6C5B-4B05-AEAC-E63175FFD576}.Debug|Any CPU.Build.0 = Debug|Any CPU
		{27D2753D-6C5B-4B05-AEAC-E63175FFD576}.Release|Any CPU.ActiveCfg = Release|Any CPU
		{27D2753D-6C5B-4B05-AEAC-E63175FFD576}.Release|Any CPU.Build.0 = Release|Any CPU
		{FC6FCC7F-34BE-47DD-92EB-F254B322D5C9}.Debug|Any CPU.ActiveCfg = Debug|Any CPU
		{FC6FCC7F-34BE-47DD-92EB-F254B322D5C9}.Debug|Any CPU.Build.0 = Debug|Any CPU
		{FC6FCC7F-34BE-47DD-92EB-F254B322D5C9}.Release|Any CPU.ActiveCfg = Release|Any CPU
		{FC6FCC7F-34BE-47DD-92EB-F254B322D5C9}.Release|Any CPU.Build.0 = Release|Any CPU
	EndGlobalSection
	GlobalSection(SolutionProperties) = preSolution
		HideSolutionNode = FALSE
	EndGlobalSection
	GlobalSection(ExtensibilityGlobals) = postSolution
		SolutionGuid = {6E252DB4-28A8-4791-AA7F-8DFF9E2A7AC2}
	EndGlobalSection
EndGlobal
